
Microsoft Visual Studio Solution File, Format Version 12.00
# Visual Studio 15
VisualStudioVersion = 15.0.27428.2037
MinimumVisualStudioVersion = 10.0.40219.1
Project("{FAE04EC0-301F-11D3-BF4B-00C04F79EFBC}") = "AzureDeploymentDemo", "AzureDeploymentDemo\AzureDeploymentDemo.csproj", "{9B95C359-2684-4CA6-8872-61D73896E8D0}"
EndProject
Global
	GlobalSection(SolutionConfigurationPlatforms) = preSolution
		Debug|Any CPU = Debug|Any CPU
		Release|Any CPU = Release|Any CPU
	EndGlobalSection
	GlobalSection(ProjectConfigurationPlatforms) = postSolution
		{9B95C359-2684-4CA6-8872-61D73896E8D0}.Debug|Any CPU.ActiveCfg = Debug|Any CPU
		{9B95C359-2684-4CA6-8872-61D73896E8D0}.Debug|Any CPU.Build.0 = Debug|Any CPU
		{9B95C359-2684-4CA6-8872-61D73896E8D0}.Release|Any CPU.ActiveCfg = Release|Any CPU
		{9B95C359-2684-4CA6-8872-61D73896E8D0}.Release|Any CPU.Build.0 = Release|Any CPU
	EndGlobalSection
	GlobalSection(SolutionProperties) = preSolution
		HideSolutionNode = FALSE
	EndGlobalSection
	GlobalSection(ExtensibilityGlobals) = postSolution
		SolutionGuid = {8CFBE78B-2A26-4365-BAFF-8F5C34D4EB87}
	EndGlobalSection
EndGlobal
